
Microsoft Visual Studio Solution File, Format Version 12.00
# Visual Studio 15
VisualStudioVersion = 15.0.28307.645
MinimumVisualStudioVersion = 10.0.40219.1
Project("{9A19103F-16F7-4668-BE54-9A1E7A4F7556}") = "Contract", "Contract\Contract.csproj", "{18C0D9DF-656A-4644-97C0-5EC3BB9DCCA2}"
EndProject
Project("{9A19103F-16F7-4668-BE54-9A1E7A4F7556}") = "Repositories", "Repositories\Repositories.csproj", "{2A170991-3DFC-44EF-BCD7-A28503F8B0DB}"
EndProject
Project("{9A19103F-16F7-4668-BE54-9A1E7A4F7556}") = "Entities", "Entities\Entities.csproj", "{4DA51AD6-1ACC-44A3-89A4-BF37980E9C71}"
EndProject
Project("{FAE04EC0-301F-11D3-BF4B-00C04F79EFBC}") = "APIsDentalClinic", "APIsDentalClinic\APIsDentalClinic.csproj", "{599B3E90-CCAE-4575-904C-80751851B6E1}"
EndProject
Global
	GlobalSection(SolutionConfigurationPlatforms) = preSolution
		Debug|Any CPU = Debug|Any CPU
		Release|Any CPU = Release|Any CPU
	EndGlobalSection
	GlobalSection(ProjectConfigurationPlatforms) = postSolution
		{18C0D9DF-656A-4644-97C0-5EC3BB9DCCA2}.Debug|Any CPU.ActiveCfg = Debug|Any CPU
		{18C0D9DF-656A-4644-97C0-5EC3BB9DCCA2}.Debug|Any CPU.Build.0 = Debug|Any CPU
		{18C0D9DF-656A-4644-97C0-5EC3BB9DCCA2}.Release|Any CPU.ActiveCfg = Release|Any CPU
		{18C0D9DF-656A-4644-97C0-5EC3BB9DCCA2}.Release|Any CPU.Build.0 = Release|Any CPU
		{2A170991-3DFC-44EF-BCD7-A28503F8B0DB}.Debug|Any CPU.ActiveCfg = Debug|Any CPU
		{2A170991-3DFC-44EF-BCD7-A28503F8B0DB}.Debug|Any CPU.Build.0 = Debug|Any CPU
		{2A170991-3DFC-44EF-BCD7-A28503F8B0DB}.Release|Any CPU.ActiveCfg = Release|Any CPU
		{2A170991-3DFC-44EF-BCD7-A28503F8B0DB}.Release|Any CPU.Build.0 = Release|Any CPU
		{4DA51AD6-1ACC-44A3-89A4-BF37980E9C71}.Debug|Any CPU.ActiveCfg = Debug|Any CPU
		{4DA51AD6-1ACC-44A3-89A4-BF37980E9C71}.Debug|Any CPU.Build.0 = Debug|Any CPU
		{4DA51AD6-1ACC-44A3-89A4-BF37980E9C71}.Release|Any CPU.ActiveCfg = Release|Any CPU
		{4DA51AD6-1ACC-44A3-89A4-BF37980E9C71}.Release|Any CPU.Build.0 = Release|Any CPU
		{599B3E90-CCAE-4575-904C-80751851B6E1}.Debug|Any CPU.ActiveCfg = Debug|Any CPU
		{599B3E90-CCAE-4575-904C-80751851B6E1}.Debug|Any CPU.Build.0 = Debug|Any CPU
		{599B3E90-CCAE-4575-904C-80751851B6E1}.Release|Any CPU.ActiveCfg = Release|Any CPU
		{599B3E90-CCAE-4575-904C-80751851B6E1}.Release|Any CPU.Build.0 = Release|Any CPU
	EndGlobalSection
	GlobalSection(SolutionProperties) = preSolution
		HideSolutionNode = FALSE
	EndGlobalSection
	GlobalSection(ExtensibilityGlobals) = postSolution
		SolutionGuid = {8BAB541C-1FF0-44AE-ABDA-8B006799A94B}
	EndGlobalSection
EndGlobal
